
Microsoft Visual Studio Solution File, Format Version 12.00
# Visual Studio Version 17
VisualStudioVersion = 17.4.33122.133
MinimumVisualStudioVersion = 10.0.40219.1
Project("{FAE04EC0-301F-11D3-BF4B-00C04F79EFBC}") = "ProfessionalLesson13", "ProfessionalLesson13\ProfessionalLesson13.csproj", "{62725B9D-9528-4DA3-8BD9-22C1B947D302}"
EndProject
Project("{FAE04EC0-301F-11D3-BF4B-00C04F79EFBC}") = "ProfessionalEx3", "ProfessionalEx3\ProfessionalEx3.csproj", "{D519FEA6-F7AE-4D78-85D4-C9B7969F979A}"
EndProject
Project("{FAE04EC0-301F-11D3-BF4B-00C04F79EFBC}") = "ProfessionalEx5", "ProfessionalEx5\ProfessionalEx5.csproj", "{730F0179-5C7C-46EA-8F2C-379DF518A0B1}"
EndProject
Global
	GlobalSection(SolutionConfigurationPlatforms) = preSolution
		Debug|Any CPU = Debug|Any CPU
		Release|Any CPU = Release|Any CPU
	EndGlobalSection
	GlobalSection(ProjectConfigurationPlatforms) = postSolution
		{62725B9D-9528-4DA3-8BD9-22C1B947D302}.Debug|Any CPU.ActiveCfg = Debug|Any CPU
		{62725B9D-9528-4DA3-8BD9-22C1B947D302}.Debug|Any CPU.Build.0 = Debug|Any CPU
		{62725B9D-9528-4DA3-8BD9-22C1B947D302}.Release|Any CPU.ActiveCfg = Release|Any CPU
		{62725B9D-9528-4DA3-8BD9-22C1B947D302}.Release|Any CPU.Build.0 = Release|Any CPU
		{D519FEA6-F7AE-4D78-85D4-C9B7969F979A}.Debug|Any CPU.ActiveCfg = Debug|Any CPU
		{D519FEA6-F7AE-4D78-85D4-C9B7969F979A}.Debug|Any CPU.Build.0 = Debug|Any CPU
		{D519FEA6-F7AE-4D78-85D4-C9B7969F979A}.Release|Any CPU.ActiveCfg = Release|Any CPU
		{D519FEA6-F7AE-4D78-85D4-C9B7969F979A}.Release|Any CPU.Build.0 = Release|Any CPU
		{730F0179-5C7C-46EA-8F2C-379DF518A0B1}.Debug|Any CPU.ActiveCfg = Debug|Any CPU
		{730F0179-5C7C-46EA-8F2C-379DF518A0B1}.Debug|Any CPU.Build.0 = Debug|Any CPU
		{730F0179-5C7C-46EA-8F2C-379DF518A0B1}.Release|Any CPU.ActiveCfg = Release|Any CPU
		{730F0179-5C7C-46EA-8F2C-379DF518A0B1}.Release|Any CPU.Build.0 = Release|Any CPU
	EndGlobalSection
	GlobalSection(SolutionProperties) = preSolution
		HideSolutionNode = FALSE
	EndGlobalSection
	GlobalSection(ExtensibilityGlobals) = postSolution
		SolutionGuid = {26978EF1-BBB1-4087-864D-8967778332FC}
	EndGlobalSection
EndGlobal
